// !$*UTF8*$!
{
	archiveVersion = 1;
	classes = {
	};
	objectVersion = 50;
	objects = {

/* Begin PBXBuildFile section */
		1C61DFBF226497D60042B6CE /* AppDelegate.swift in Sources */ = {isa = PBXBuildFile; fileRef = 1C61DFBE226497D60042B6CE /* AppDelegate.swift */; };
		1C61DFC4226497D60042B6CE /* Main.storyboard in Resources */ = {isa = PBXBuildFile; fileRef = 1C61DFC2226497D60042B6CE /* Main.storyboard */; };
		1C61DFC6226497D70042B6CE /* Assets.xcassets in Resources */ = {isa = PBXBuildFile; fileRef = 1C61DFC5226497D70042B6CE /* Assets.xcassets */; };
		1C61DFC9226497D70042B6CE /* LaunchScreen.storyboard in Resources */ = {isa = PBXBuildFile; fileRef = 1C61DFC7226497D70042B6CE /* LaunchScreen.storyboard */; };
		1C61DFD4226497D70042B6CE /* WeatherControllerTests.swift in Sources */ = {isa = PBXBuildFile; fileRef = 1C61DFD3226497D70042B6CE /* WeatherControllerTests.swift */; };
		1C61DFDF2264990E0042B6CE /* WeatherController.swift in Sources */ = {isa = PBXBuildFile; fileRef = 1C61DFDE2264990E0042B6CE /* WeatherController.swift */; };
		1C61DFE12264A20B0042B6CE /* LocationTableViewCell.swift in Sources */ = {isa = PBXBuildFile; fileRef = 1C61DFE02264A20B0042B6CE /* LocationTableViewCell.swift */; };
		1C61E0152265C4630042B6CE /* WeatherViewController.swift in Sources */ = {isa = PBXBuildFile; fileRef = 1C61E0142265C4630042B6CE /* WeatherViewController.swift */; };
		1C61E0172265C4DD0042B6CE /* WeatherLocation.swift in Sources */ = {isa = PBXBuildFile; fileRef = 1C61E0162265C4DC0042B6CE /* WeatherLocation.swift */; };
/* End PBXBuildFile section */

/* Begin PBXContainerItemProxy section */
		1C61DFD0226497D70042B6CE /* PBXContainerItemProxy */ = {
			isa = PBXContainerItemProxy;
			containerPortal = 1C61DFB3226497D60042B6CE /* Project object */;
			proxyType = 1;
			remoteGlobalIDString = 1C61DFBA226497D60042B6CE;
			remoteInfo = CodeTest;
		};
/* End PBXContainerItemProxy section */

/* Begin PBXFileReference section */
		1C61DFBB226497D60042B6CE /* CodeTest.app */ = {isa = PBXFileReference; explicitFileType = wrapper.application; includeInIndex = 0; path = CodeTest.app; sourceTree = BUILT_PRODUCTS_DIR; };
		1C61DFBE226497D60042B6CE /* AppDelegate.swift */ = {isa = PBXFileReference; lastKnownFileType = sourcecode.swift; path = AppDelegate.swift; sourceTree = "<group>"; };
		1C61DFC3226497D60042B6CE /* Base */ = {isa = PBXFileReference; lastKnownFileType = file.storyboard; name = Base; path = Base.lproj/Main.storyboard; sourceTree = "<group>"; };
		1C61DFC5226497D70042B6CE /* Assets.xcassets */ = {isa = PBXFileReference; lastKnownFileType = folder.assetcatalog; path = Assets.xcassets; sourceTree = "<group>"; };
		1C61DFC8226497D70042B6CE /* Base */ = {isa = PBXFileReference; lastKnownFileType = file.storyboard; name = Base; path = Base.lproj/LaunchScreen.storyboard; sourceTree = "<group>"; };
		1C61DFCA226497D70042B6CE /* Info.plist */ = {isa = PBXFileReference; lastKnownFileType = text.plist.xml; path = Info.plist; sourceTree = "<group>"; };
		1C61DFCF226497D70042B6CE /* CodeTestTests.xctest */ = {isa = PBXFileReference; explicitFileType = wrapper.cfbundle; includeInIndex = 0; path = CodeTestTests.xctest; sourceTree = BUILT_PRODUCTS_DIR; };
		1C61DFD3226497D70042B6CE /* WeatherControllerTests.swift */ = {isa = PBXFileReference; lastKnownFileType = sourcecode.swift; path = WeatherControllerTests.swift; sourceTree = "<group>"; };
		1C61DFD5226497D70042B6CE /* Info.plist */ = {isa = PBXFileReference; lastKnownFileType = text.plist.xml; path = Info.plist; sourceTree = "<group>"; };
		1C61DFDE2264990E0042B6CE /* WeatherController.swift */ = {isa = PBXFileReference; lastKnownFileType = sourcecode.swift; path = WeatherController.swift; sourceTree = "<group>"; };
		1C61DFE02264A20B0042B6CE /* LocationTableViewCell.swift */ = {isa = PBXFileReference; lastKnownFileType = sourcecode.swift; path = LocationTableViewCell.swift; sourceTree = "<group>"; };
		1C61E0142265C4630042B6CE /* WeatherViewController.swift */ = {isa = PBXFileReference; fileEncoding = 4; lastKnownFileType = sourcecode.swift; path = WeatherViewController.swift; sourceTree = "<group>"; };
		1C61E0162265C4DC0042B6CE /* WeatherLocation.swift */ = {isa = PBXFileReference; fileEncoding = 4; lastKnownFileType = sourcecode.swift; path = WeatherLocation.swift; sourceTree = "<group>"; };
/* End PBXFileReference section */

/* Begin PBXFrameworksBuildPhase section */
		1C61DFB8226497D60042B6CE /* Frameworks */ = {
			isa = PBXFrameworksBuildPhase;
			buildActionMask = 2147483647;
			files = (
			);
			runOnlyForDeploymentPostprocessing = 0;
		};
		1C61DFCC226497D70042B6CE /* Frameworks */ = {
			isa = PBXFrameworksBuildPhase;
			buildActionMask = 2147483647;
			files = (
			);
			runOnlyForDeploymentPostprocessing = 0;
		};
/* End PBXFrameworksBuildPhase section */

/* Begin PBXGroup section */
		1C61DFB2226497D60042B6CE = {
			isa = PBXGroup;
			children = (
				1C61DFBD226497D60042B6CE /* CodeTest */,
				1C61DFD2226497D70042B6CE /* CodeTestTests */,
				1C61DFBC226497D60042B6CE /* Products */,
			);
			sourceTree = "<group>";
		};
		1C61DFBC226497D60042B6CE /* Products */ = {
			isa = PBXGroup;
			children = (
				1C61DFBB226497D60042B6CE /* CodeTest.app */,
				1C61DFCF226497D70042B6CE /* CodeTestTests.xctest */,
			);
			name = Products;
			sourceTree = "<group>";
		};
		1C61DFBD226497D60042B6CE /* CodeTest */ = {
			isa = PBXGroup;
			children = (
				1C61DFBE226497D60042B6CE /* AppDelegate.swift */,
				1C61E0162265C4DC0042B6CE /* WeatherLocation.swift */,
				1C61DFDE2264990E0042B6CE /* WeatherController.swift */,
				1C61E0142265C4630042B6CE /* WeatherViewController.swift */,
				1C61DFE02264A20B0042B6CE /* LocationTableViewCell.swift */,
				1C61DFCA226497D70042B6CE /* Info.plist */,
				1C61DFC2226497D60042B6CE /* Main.storyboard */,
				1C61DFC7226497D70042B6CE /* LaunchScreen.storyboard */,
				1C61DFC5226497D70042B6CE /* Assets.xcassets */,
			);
			path = CodeTest;
			sourceTree = "<group>";
		};
		1C61DFD2226497D70042B6CE /* CodeTestTests */ = {
			isa = PBXGroup;
			children = (
				1C61DFD3226497D70042B6CE /* WeatherControllerTests.swift */,
				1C61DFD5226497D70042B6CE /* Info.plist */,
			);
			path = CodeTestTests;
			sourceTree = "<group>";
		};
/* End PBXGroup section */

/* Begin PBXNativeTarget section */
		1C61DFBA226497D60042B6CE /* CodeTest */ = {
			isa = PBXNativeTarget;
			buildConfigurationList = 1C61DFD8226497D70042B6CE /* Build configuration list for PBXNativeTarget "CodeTest" */;
			buildPhases = (
				1C61DFB7226497D60042B6CE /* Sources */,
				1C61DFB8226497D60042B6CE /* Frameworks */,
				1C61DFB9226497D60042B6CE /* Resources */,
			);
			buildRules = (
			);
			dependencies = (
			);
			name = CodeTest;
			productName = CodeTest;
			productReference = 1C61DFBB226497D60042B6CE /* CodeTest.app */;
			productType = "com.apple.product-type.application";
		};
		1C61DFCE226497D70042B6CE /* CodeTestTests */ = {
			isa = PBXNativeTarget;
			buildConfigurationList = 1C61DFDB226497D70042B6CE /* Build configuration list for PBXNativeTarget "CodeTestTests" */;
			buildPhases = (
				1C61DFCB226497D70042B6CE /* Sources */,
				1C61DFCC226497D70042B6CE /* Frameworks */,
				1C61DFCD226497D70042B6CE /* Resources */,
			);
			buildRules = (
			);
			dependencies = (
				1C61DFD1226497D70042B6CE /* PBXTargetDependency */,
			);
			name = CodeTestTests;
			productName = CodeTestTests;
			productReference = 1C61DFCF226497D70042B6CE /* CodeTestTests.xctest */;
			productType = "com.apple.product-type.bundle.unit-test";
		};
/* End PBXNativeTarget section */

/* Begin PBXProject section */
		1C61DFB3226497D60042B6CE /* Project object */ = {
			isa = PBXProject;
			attributes = {
				LastSwiftUpdateCheck = 1020;
				LastUpgradeCheck = 1020;
				ORGANIZATIONNAME = "Emmanuel Garnier";
				TargetAttributes = {
					1C61DFBA226497D60042B6CE = {
						CreatedOnToolsVersion = 10.2;
					};
					1C61DFCE226497D70042B6CE = {
						CreatedOnToolsVersion = 10.2;
						TestTargetID = 1C61DFBA226497D60042B6CE;
					};
				};
			};
			buildConfigurationList = 1C61DFB6226497D60042B6CE /* Build configuration list for PBXProject "CodeTest" */;
			compatibilityVersion = "Xcode 9.3";
			developmentRegion = en;
			hasScannedForEncodings = 0;
			knownRegions = (
				en,
				Base,
			);
			mainGroup = 1C61DFB2226497D60042B6CE;
			productRefGroup = 1C61DFBC226497D60042B6CE /* Products */;
			projectDirPath = "";
			projectRoot = "";
			targets = (
				1C61DFBA226497D60042B6CE /* CodeTest */,
				1C61DFCE226497D70042B6CE /* CodeTestTests */,
			);
		};
/* End PBXProject section */

/* Begin PBXResourcesBuildPhase section */
		1C61DFB9226497D60042B6CE /* Resources */ = {
			isa = PBXResourcesBuildPhase;
			buildActionMask = 2147483647;
			files = (
				1C61DFC9226497D70042B6CE /* LaunchScreen.storyboard in Resources */,
				1C61DFC6226497D70042B6CE /* Assets.xcassets in Resources */,
				1C61DFC4226497D60042B6CE /* Main.storyboard in Resources */,
			);
			runOnlyForDeploymentPostprocessing = 0;
		};
		1C61DFCD226497D70042B6CE /* Resources */ = {
			isa = PBXResourcesBuildPhase;
			buildActionMask = 2147483647;
			files = (
			);
			runOnlyForDeploymentPostprocessing = 0;
		};
/* End PBXResourcesBuildPhase section */

/* Begin PBXSourcesBuildPhase section */
		1C61DFB7226497D60042B6CE /* Sources */ = {
			isa = PBXSourcesBuildPhase;
			buildActionMask = 2147483647;
			files = (
				1C61E0152265C4630042B6CE /* WeatherViewController.swift in Sources */,
				1C61DFE12264A20B0042B6CE /* LocationTableViewCell.swift in Sources */,
				1C61DFDF2264990E0042B6CE /* WeatherController.swift in Sources */,
				1C61DFBF226497D60042B6CE /* AppDelegate.swift in Sources */,
				1C61E0172265C4DD0042B6CE /* WeatherLocation.swift in Sources */,
			);
			runOnlyForDeploymentPostprocessing = 0;
		};
		1C61DFCB226497D70042B6CE /* Sources */ = {
			isa = PBXSourcesBuildPhase;
			buildActionMask = 2147483647;
			files = (
				1C61DFD4226497D70042B6CE /* WeatherControllerTests.swift in Sources */,
			);
			runOnlyForDeploymentPostprocessing = 0;
		};
/* End PBXSourcesBuildPhase section */

/* Begin PBXTargetDependency section */
		1C61DFD1226497D70042B6CE /* PBXTargetDependency */ = {
			isa = PBXTargetDependency;
			target = 1C61DFBA226497D60042B6CE /* CodeTest */;
			targetProxy = 1C61DFD0226497D70042B6CE /* PBXContainerItemProxy */;
		};
/* End PBXTargetDependency section */

/* Begin PBXVariantGroup section */
		1C61DFC2226497D60042B6CE /* Main.storyboard */ = {
			isa = PBXVariantGroup;
			children = (
				1C61DFC3226497D60042B6CE /* Base */,
			);
			name = Main.storyboard;
			sourceTree = "<group>";
		};
		1C61DFC7226497D70042B6CE /* LaunchScreen.storyboard */ = {
			isa = PBXVariantGroup;
			children = (
				1C61DFC8226497D70042B6CE /* Base */,
			);
			name = LaunchScreen.storyboard;
			sourceTree = "<group>";
		};
/* End PBXVariantGroup section */

/* Begin XCBuildConfiguration section */
		1C61DFD6226497D70042B6CE /* Debug */ = {
			isa = XCBuildConfiguration;
			buildSettings = {
				ALWAYS_SEARCH_USER_PATHS = NO;
				CLANG_ANALYZER_NONNULL = YES;
				CLANG_ANALYZER_NUMBER_OBJECT_CONVERSION = YES_AGGRESSIVE;
				CLANG_CXX_LANGUAGE_STANDARD = "gnu++14";
				CLANG_CXX_LIBRARY = "libc++";
				CLANG_ENABLE_MODULES = YES;
				CLANG_ENABLE_OBJC_ARC = YES;
				CLANG_ENABLE_OBJC_WEAK = YES;
				CLANG_WARN_BLOCK_CAPTURE_AUTORELEASING = YES;
				CLANG_WARN_BOOL_CONVERSION = YES;
				CLANG_WARN_COMMA = YES;
				CLANG_WARN_CONSTANT_CONVERSION = YES;
				CLANG_WARN_DEPRECATED_OBJC_IMPLEMENTATIONS = YES;
				CLANG_WARN_DIRECT_OBJC_ISA_USAGE = YES_ERROR;
				CLANG_WARN_DOCUMENTATION_COMMENTS = YES;
				CLANG_WARN_EMPTY_BODY = YES;
				CLANG_WARN_ENUM_CONVERSION = YES;
				CLANG_WARN_INFINITE_RECURSION = YES;
				CLANG_WARN_INT_CONVERSION = YES;
				CLANG_WARN_NON_LITERAL_NULL_CONVERSION = YES;
				CLANG_WARN_OBJC_IMPLICIT_RETAIN_SELF = YES;
				CLANG_WARN_OBJC_LITERAL_CONVERSION = YES;
				CLANG_WARN_OBJC_ROOT_CLASS = YES_ERROR;
				CLANG_WARN_RANGE_LOOP_ANALYSIS = YES;
				CLANG_WARN_STRICT_PROTOTYPES = YES;
				CLANG_WARN_SUSPICIOUS_MOVE = YES;
				CLANG_WARN_UNGUARDED_AVAILABILITY = YES_AGGRESSIVE;
				CLANG_WARN_UNREACHABLE_CODE = YES;
				CLANG_WARN__DUPLICATE_METHOD_MATCH = YES;
				CODE_SIGN_IDENTITY = "iPhone Developer";
				COPY_PHASE_STRIP = NO;
				DEBUG_INFORMATION_FORMAT = dwarf;
				ENABLE_STRICT_OBJC_MSGSEND = YES;
				ENABLE_TESTABILITY = YES;
				GCC_C_LANGUAGE_STANDARD = gnu11;
				GCC_DYNAMIC_NO_PIC = NO;
				GCC_NO_COMMON_BLOCKS = YES;
				GCC_OPTIMIZATION_LEVEL = 0;
				GCC_PREPROCESSOR_DEFINITIONS = (
					"DEBUG=1",
					"$(inherited)",
				);
				GCC_WARN_64_TO_32_BIT_CONVERSION = YES;
				GCC_WARN_ABOUT_RETURN_TYPE = YES_ERROR;
				GCC_WARN_UNDECLARED_SELECTOR = YES;
				GCC_WARN_UNINITIALIZED_AUTOS = YES_AGGRESSIVE;
				GCC_WARN_UNUSED_FUNCTION = YES;
				GCC_WARN_UNUSED_VARIABLE = YES;
				IPHONEOS_DEPLOYMENT_TARGET = 12.2;
				MTL_ENABLE_DEBUG_INFO = INCLUDE_SOURCE;
				MTL_FAST_MATH = YES;
				ONLY_ACTIVE_ARCH = YES;
				SDKROOT = iphoneos;
				SWIFT_ACTIVE_COMPILATION_CONDITIONS = DEBUG;
				SWIFT_OPTIMIZATION_LEVEL = "-Onone";
			};
			name = Debug;
		};
		1C61DFD7226497D70042B6CE /* Release */ = {
			isa = XCBuildConfiguration;
			buildSettings = {
				ALWAYS_SEARCH_USER_PATHS = NO;
				CLANG_ANALYZER_NONNULL = YES;
				CLANG_ANALYZER_NUMBER_OBJECT_CONVERSION = YES_AGGRESSIVE;
				CLANG_CXX_LANGUAGE_STANDARD = "gnu++14";
				CLANG_CXX_LIBRARY = "libc++";
				CLANG_ENABLE_MODULES = YES;
				CLANG_ENABLE_OBJC_ARC = YES;
				CLANG_ENABLE_OBJC_WEAK = YES;
				CLANG_WARN_BLOCK_CAPTURE_AUTORELEASING = YES;
				CLANG_WARN_BOOL_CONVERSION = YES;
				CLANG_WARN_COMMA = YES;
				CLANG_WARN_CONSTANT_CONVERSION = YES;
				CLANG_WARN_DEPRECATED_OBJC_IMPLEMENTATIONS = YES;
				CLANG_WARN_DIRECT_OBJC_ISA_USAGE = YES_ERROR;
				CLANG_WARN_DOCUMENTATION_COMMENTS = YES;
				CLANG_WARN_EMPTY_BODY = YES;
				CLANG_WARN_ENUM_CONVERSION = YES;
				CLANG_WARN_INFINITE_RECURSION = YES;
				CLANG_WARN_INT_CONVERSION = YES;
				CLANG_WARN_NON_LITERAL_NULL_CONVERSION = YES;
				CLANG_WARN_OBJC_IMPLICIT_RETAIN_SELF = YES;
				CLANG_WARN_OBJC_LITERAL_CONVERSION = YES;
				CLANG_WARN_OBJC_ROOT_CLASS = YES_ERROR;
				CLANG_WARN_RANGE_LOOP_ANALYSIS = YES;
				CLANG_WARN_STRICT_PROTOTYPES = YES;
				CLANG_WARN_SUSPICIOUS_MOVE = YES;
				CLANG_WARN_UNGUARDED_AVAILABILITY = YES_AGGRESSIVE;
				CLANG_WARN_UNREACHABLE_CODE = YES;
				CLANG_WARN__DUPLICATE_METHOD_MATCH = YES;
				CODE_SIGN_IDENTITY = "iPhone Developer";
				COPY_PHASE_STRIP = NO;
				DEBUG_INFORMATION_FORMAT = "dwarf-with-dsym";
				ENABLE_NS_ASSERTIONS = NO;
				ENABLE_STRICT_OBJC_MSGSEND = YES;
				GCC_C_LANGUAGE_STANDARD = gnu11;
				GCC_NO_COMMON_BLOCKS = YES;
				GCC_WARN_64_TO_32_BIT_CONVERSION = YES;
				GCC_WARN_ABOUT_RETURN_TYPE = YES_ERROR;
				GCC_WARN_UNDECLARED_SELECTOR = YES;
				GCC_WARN_UNINITIALIZED_AUTOS = YES_AGGRESSIVE;
				GCC_WARN_UNUSED_FUNCTION = YES;
				GCC_WARN_UNUSED_VARIABLE = YES;
				IPHONEOS_DEPLOYMENT_TARGET = 12.2;
				MTL_ENABLE_DEBUG_INFO = NO;
				MTL_FAST_MATH = YES;
				SDKROOT = iphoneos;
				SWIFT_COMPILATION_MODE = wholemodule;
				SWIFT_OPTIMIZATION_LEVEL = "-O";
				VALIDATE_PRODUCT = YES;
			};
			name = Release;
		};
		1C61DFD9226497D70042B6CE /* Debug */ = {
			isa = XCBuildConfiguration;
			buildSettings = {
				ASSETCATALOG_COMPILER_APPICON_NAME = AppIcon;
				CODE_SIGN_STYLE = Automatic;
				INFOPLIST_FILE = CodeTest/Info.plist;
				LD_RUNPATH_SEARCH_PATHS = (
					"$(inherited)",
					"@executable_path/Frameworks",
				);
				PRODUCT_BUNDLE_IDENTIFIER = se.kry.codetest.CodeTest;
				PRODUCT_NAME = "$(TARGET_NAME)";
				SWIFT_VERSION = 5.0;
				TARGETED_DEVICE_FAMILY = "1,2";
			};
			name = Debug;
		};
		1C61DFDA226497D70042B6CE /* Release */ = {
			isa = XCBuildConfiguration;
			buildSettings = {
				ASSETCATALOG_COMPILER_APPICON_NAME = AppIcon;
				CODE_SIGN_STYLE = Automatic;
				INFOPLIST_FILE = CodeTest/Info.plist;
				LD_RUNPATH_SEARCH_PATHS = (
					"$(inherited)",
					"@executable_path/Frameworks",
				);
				PRODUCT_BUNDLE_IDENTIFIER = se.kry.codetest.CodeTest;
				PRODUCT_NAME = "$(TARGET_NAME)";
				SWIFT_VERSION = 5.0;
				TARGETED_DEVICE_FAMILY = "1,2";
			};
			name = Release;
		};
		1C61DFDC226497D70042B6CE /* Debug */ = {
			isa = XCBuildConfiguration;
			buildSettings = {
				ALWAYS_EMBED_SWIFT_STANDARD_LIBRARIES = YES;
				BUNDLE_LOADER = "$(TEST_HOST)";
				CODE_SIGN_STYLE = Automatic;
				INFOPLIST_FILE = CodeTestTests/Info.plist;
				LD_RUNPATH_SEARCH_PATHS = (
					"$(inherited)",
					"@executable_path/Frameworks",
					"@loader_path/Frameworks",
				);
				PRODUCT_BUNDLE_IDENTIFIER = se.kry.codetest.CodeTestTests;
				PRODUCT_NAME = "$(TARGET_NAME)";
				SWIFT_VERSION = 5.0;
				TARGETED_DEVICE_FAMILY = "1,2";
				TEST_HOST = "$(BUILT_PRODUCTS_DIR)/CodeTest.app/CodeTest";
			};
			name = Debug;
		};
		1C61DFDD226497D70042B6CE /* Release */ = {
			isa = XCBuildConfiguration;
			buildSettings = {
				ALWAYS_EMBED_SWIFT_STANDARD_LIBRARIES = YES;
				BUNDLE_LOADER = "$(TEST_HOST)";
				CODE_SIGN_STYLE = Automatic;
				INFOPLIST_FILE = CodeTestTests/Info.plist;
				LD_RUNPATH_SEARCH_PATHS = (
					"$(inherited)",
					"@executable_path/Frameworks",
					"@loader_path/Frameworks",
				);
				PRODUCT_BUNDLE_IDENTIFIER = se.kry.codetest.CodeTestTests;
				PRODUCT_NAME = "$(TARGET_NAME)";
				SWIFT_VERSION = 5.0;
				TARGETED_DEVICE_FAMILY = "1,2";
				TEST_HOST = "$(BUILT_PRODUCTS_DIR)/CodeTest.app/CodeTest";
			};
			name = Release;
		};
/* End XCBuildConfiguration section */

/* Begin XCConfigurationList section */
		1C61DFB6226497D60042B6CE /* Build configuration list for PBXProject "CodeTest" */ = {
			isa = XCConfigurationList;
			buildConfigurations = (
				1C61DFD6226497D70042B6CE /* Debug */,
				1C61DFD7226497D70042B6CE /* Release */,
			);
			defaultConfigurationIsVisible = 0;
			defaultConfigurationName = Release;
		};
		1C61DFD8226497D70042B6CE /* Build configuration list for PBXNativeTarget "CodeTest" */ = {
			isa = XCConfigurationList;
			buildConfigurations = (
				1C61DFD9226497D70042B6CE /* Debug */,
				1C61DFDA226497D70042B6CE /* Release */,
			);
			defaultConfigurationIsVisible = 0;
			defaultConfigurationName = Release;
		};
		1C61DFDB226497D70042B6CE /* Build configuration list for PBXNativeTarget "CodeTestTests" */ = {
			isa = XCConfigurationList;
			buildConfigurations = (
				1C61DFDC226497D70042B6CE /* Debug */,
				1C61DFDD226497D70042B6CE /* Release */,
			);
			defaultConfigurationIsVisible = 0;
			defaultConfigurationName = Release;
		};
/* End XCConfigurationList section */
	};
	rootObject = 1C61DFB3226497D60042B6CE /* Project object */;
}
